// !$*UTF8*$!
{
	archiveVersion = 1;
	classes = {
	};
	objectVersion = 46;
	objects = {

/* Begin PBXBuildFile section */
		193E957B1E63A8680007DF2F /* User.swift in Sources */ = {isa = PBXBuildFile; fileRef = 193E957A1E63A8680007DF2F /* User.swift */; };
		193E957D1E63A8B50007DF2F /* Tweet.swift in Sources */ = {isa = PBXBuildFile; fileRef = 193E957C1E63A8B50007DF2F /* Tweet.swift */; };
		193E95801E647A7F0007DF2F /* TwitterClient.swift in Sources */ = {isa = PBXBuildFile; fileRef = 193E957F1E647A7F0007DF2F /* TwitterClient.swift */; };
		193E95821E6484AC0007DF2F /* TweetsViewController.swift in Sources */ = {isa = PBXBuildFile; fileRef = 193E95811E6484AC0007DF2F /* TweetsViewController.swift */; };
		19628D2C1E6A0554005D7A5A /* TweetDetailsViewController.swift in Sources */ = {isa = PBXBuildFile; fileRef = 19628D2B1E6A0554005D7A5A /* TweetDetailsViewController.swift */; };
		19628D2E1E6A1756005D7A5A /* DetailsViewController.swift in Sources */ = {isa = PBXBuildFile; fileRef = 19628D2D1E6A1756005D7A5A /* DetailsViewController.swift */; };
		19628D301E6C8EF0005D7A5A /* profileViewController.swift in Sources */ = {isa = PBXBuildFile; fileRef = 19628D2F1E6C8EF0005D7A5A /* profileViewController.swift */; };
		19628D321E6C9AA1005D7A5A /* newTweetViewController.swift in Sources */ = {isa = PBXBuildFile; fileRef = 19628D311E6C9AA1005D7A5A /* newTweetViewController.swift */; };
		19890C5D1E651C0D004FBA6F /* TwitterTableViewCell.swift in Sources */ = {isa = PBXBuildFile; fileRef = 19890C5C1E651C0D004FBA6F /* TwitterTableViewCell.swift */; };
		19DC1C271E6C9CB7000BF61B /* replyViewController.swift in Sources */ = {isa = PBXBuildFile; fileRef = 19DC1C261E6C9CB7000BF61B /* replyViewController.swift */; };
		19DC1C2B1E6CB31B000BF61B /* Main.storyboard in Resources */ = {isa = PBXBuildFile; fileRef = 19DC1C2A1E6CB31B000BF61B /* Main.storyboard */; };
		19E0B3D51E5CE36F003F8026 /* AppDelegate.swift in Sources */ = {isa = PBXBuildFile; fileRef = 19E0B3D41E5CE36F003F8026 /* AppDelegate.swift */; };
		19E0B3DC1E5CE36F003F8026 /* Assets.xcassets in Resources */ = {isa = PBXBuildFile; fileRef = 19E0B3DB1E5CE36F003F8026 /* Assets.xcassets */; };
		19E0B3DF1E5CE36F003F8026 /* LaunchScreen.storyboard in Resources */ = {isa = PBXBuildFile; fileRef = 19E0B3DD1E5CE36F003F8026 /* LaunchScreen.storyboard */; };
		19E0B3E71E5D05BE003F8026 /* LoginViewController.swift in Sources */ = {isa = PBXBuildFile; fileRef = 19E0B3E61E5D05BE003F8026 /* LoginViewController.swift */; };
		77C53F2B28CBC86040B9DF09 /* Pods_TwitterProj.framework in Frameworks */ = {isa = PBXBuildFile; fileRef = F72995D9314B0ED0CAE5CFAE /* Pods_TwitterProj.framework */; };
/* End PBXBuildFile section */

/* Begin PBXFileReference section */
		01DB7303FA0F1C2D70D0FF95 /* Pods-TwitterProj.debug.xcconfig */ = {isa = PBXFileReference; includeInIndex = 1; lastKnownFileType = text.xcconfig; name = "Pods-TwitterProj.debug.xcconfig"; path = "Pods/Target Support Files/Pods-TwitterProj/Pods-TwitterProj.debug.xcconfig"; sourceTree = "<group>"; };
		193E957A1E63A8680007DF2F /* User.swift */ = {isa = PBXFileReference; fileEncoding = 4; lastKnownFileType = sourcecode.swift; path = User.swift; sourceTree = "<group>"; };
		193E957C1E63A8B50007DF2F /* Tweet.swift */ = {isa = PBXFileReference; fileEncoding = 4; lastKnownFileType = sourcecode.swift; path = Tweet.swift; sourceTree = "<group>"; };
		193E957F1E647A7F0007DF2F /* TwitterClient.swift */ = {isa = PBXFileReference; fileEncoding = 4; lastKnownFileType = sourcecode.swift; path = TwitterClient.swift; sourceTree = "<group>"; };
		193E95811E6484AC0007DF2F /* TweetsViewController.swift */ = {isa = PBXFileReference; fileEncoding = 4; lastKnownFileType = sourcecode.swift; path = TweetsViewController.swift; sourceTree = "<group>"; };
		19628D2B1E6A0554005D7A5A /* TweetDetailsViewController.swift */ = {isa = PBXFileReference; fileEncoding = 4; lastKnownFileType = sourcecode.swift; path = TweetDetailsViewController.swift; sourceTree = "<group>"; };
		19628D2D1E6A1756005D7A5A /* DetailsViewController.swift */ = {isa = PBXFileReference; fileEncoding = 4; lastKnownFileType = sourcecode.swift; path = DetailsViewController.swift; sourceTree = "<group>"; };
		19628D2F1E6C8EF0005D7A5A /* profileViewController.swift */ = {isa = PBXFileReference; fileEncoding = 4; lastKnownFileType = sourcecode.swift; path = profileViewController.swift; sourceTree = "<group>"; };
		19628D311E6C9AA1005D7A5A /* newTweetViewController.swift */ = {isa = PBXFileReference; fileEncoding = 4; lastKnownFileType = sourcecode.swift; path = newTweetViewController.swift; sourceTree = "<group>"; };
		19890C5C1E651C0D004FBA6F /* TwitterTableViewCell.swift */ = {isa = PBXFileReference; fileEncoding = 4; lastKnownFileType = sourcecode.swift; path = TwitterTableViewCell.swift; sourceTree = "<group>"; };
		19DC1C261E6C9CB7000BF61B /* replyViewController.swift */ = {isa = PBXFileReference; fileEncoding = 4; lastKnownFileType = sourcecode.swift; path = replyViewController.swift; sourceTree = "<group>"; };
		19DC1C2A1E6CB31B000BF61B /* Main.storyboard */ = {isa = PBXFileReference; fileEncoding = 4; lastKnownFileType = file.storyboard; name = Main.storyboard; path = Base.lproj/Main.storyboard; sourceTree = "<group>"; };
		19E0B3D11E5CE36F003F8026 /* TwitterProj.app */ = {isa = PBXFileReference; explicitFileType = wrapper.application; includeInIndex = 0; path = TwitterProj.app; sourceTree = BUILT_PRODUCTS_DIR; };
		19E0B3D41E5CE36F003F8026 /* AppDelegate.swift */ = {isa = PBXFileReference; lastKnownFileType = sourcecode.swift; path = AppDelegate.swift; sourceTree = "<group>"; };
		19E0B3DB1E5CE36F003F8026 /* Assets.xcassets */ = {isa = PBXFileReference; lastKnownFileType = folder.assetcatalog; path = Assets.xcassets; sourceTree = "<group>"; };
		19E0B3DE1E5CE36F003F8026 /* Base */ = {isa = PBXFileReference; lastKnownFileType = file.storyboard; name = Base; path = Base.lproj/LaunchScreen.storyboard; sourceTree = "<group>"; };
		19E0B3E01E5CE36F003F8026 /* Info.plist */ = {isa = PBXFileReference; lastKnownFileType = text.plist.xml; path = Info.plist; sourceTree = "<group>"; };
		19E0B3E61E5D05BE003F8026 /* LoginViewController.swift */ = {isa = PBXFileReference; fileEncoding = 4; lastKnownFileType = sourcecode.swift; path = LoginViewController.swift; sourceTree = "<group>"; };
		F16B64620E3F84AD07F7635A /* Pods-TwitterProj.release.xcconfig */ = {isa = PBXFileReference; includeInIndex = 1; lastKnownFileType = text.xcconfig; name = "Pods-TwitterProj.release.xcconfig"; path = "Pods/Target Support Files/Pods-TwitterProj/Pods-TwitterProj.release.xcconfig"; sourceTree = "<group>"; };
		F72995D9314B0ED0CAE5CFAE /* Pods_TwitterProj.framework */ = {isa = PBXFileReference; explicitFileType = wrapper.framework; includeInIndex = 0; path = Pods_TwitterProj.framework; sourceTree = BUILT_PRODUCTS_DIR; };
/* End PBXFileReference section */

/* Begin PBXFrameworksBuildPhase section */
		19E0B3CE1E5CE36E003F8026 /* Frameworks */ = {
			isa = PBXFrameworksBuildPhase;
			buildActionMask = 2147483647;
			files = (
				77C53F2B28CBC86040B9DF09 /* Pods_TwitterProj.framework in Frameworks */,
			);
			runOnlyForDeploymentPostprocessing = 0;
		};
/* End PBXFrameworksBuildPhase section */

/* Begin PBXGroup section */
		15C52435F840F5C14F0543FF /* Pods */ = {
			isa = PBXGroup;
			children = (
				01DB7303FA0F1C2D70D0FF95 /* Pods-TwitterProj.debug.xcconfig */,
				F16B64620E3F84AD07F7635A /* Pods-TwitterProj.release.xcconfig */,
			);
			name = Pods;
			sourceTree = "<group>";
		};
		193E95791E63A81A0007DF2F /* Models */ = {
			isa = PBXGroup;
			children = (
				193E957A1E63A8680007DF2F /* User.swift */,
				193E957C1E63A8B50007DF2F /* Tweet.swift */,
			);
			name = Models;
			sourceTree = "<group>";
		};
		193E957E1E647A590007DF2F /* API */ = {
			isa = PBXGroup;
			children = (
				193E957F1E647A7F0007DF2F /* TwitterClient.swift */,
			);
			name = API;
			sourceTree = "<group>";
		};
		19E0B3C81E5CE36E003F8026 = {
			isa = PBXGroup;
			children = (
				19E0B3D31E5CE36F003F8026 /* TwitterProj */,
				19E0B3D21E5CE36F003F8026 /* Products */,
				15C52435F840F5C14F0543FF /* Pods */,
				D5D5A92ADDA08E1AA072FD20 /* Frameworks */,
			);
			sourceTree = "<group>";
		};
		19E0B3D21E5CE36F003F8026 /* Products */ = {
			isa = PBXGroup;
			children = (
				19E0B3D11E5CE36F003F8026 /* TwitterProj.app */,
			);
			name = Products;
			sourceTree = "<group>";
		};
		19E0B3D31E5CE36F003F8026 /* TwitterProj */ = {
			isa = PBXGroup;
			children = (
				193E957E1E647A590007DF2F /* API */,
				193E95791E63A81A0007DF2F /* Models */,
				19E0B3E81E5D05CA003F8026 /* View Controllers */,
				19E0B3D41E5CE36F003F8026 /* AppDelegate.swift */,
				19E0B3DB1E5CE36F003F8026 /* Assets.xcassets */,
				19DC1C2A1E6CB31B000BF61B /* Main.storyboard */,
				19E0B3DD1E5CE36F003F8026 /* LaunchScreen.storyboard */,
				19E0B3E01E5CE36F003F8026 /* Info.plist */,
				19890C5C1E651C0D004FBA6F /* TwitterTableViewCell.swift */,
				19628D2D1E6A1756005D7A5A /* DetailsViewController.swift */,
			);
			path = TwitterProj;
			sourceTree = "<group>";
		};
		19E0B3E81E5D05CA003F8026 /* View Controllers */ = {
			isa = PBXGroup;
			children = (
				19E0B3E61E5D05BE003F8026 /* LoginViewController.swift */,
				193E95811E6484AC0007DF2F /* TweetsViewController.swift */,
				19628D2B1E6A0554005D7A5A /* TweetDetailsViewController.swift */,
				19DC1C261E6C9CB7000BF61B /* replyViewController.swift */,
				19628D2F1E6C8EF0005D7A5A /* profileViewController.swift */,
				19628D311E6C9AA1005D7A5A /* newTweetViewController.swift */,
			);
			name = "View Controllers";
			sourceTree = "<group>";
		};
		D5D5A92ADDA08E1AA072FD20 /* Frameworks */ = {
			isa = PBXGroup;
			children = (
				F72995D9314B0ED0CAE5CFAE /* Pods_TwitterProj.framework */,
			);
			name = Frameworks;
			sourceTree = "<group>";
		};
/* End PBXGroup section */

/* Begin PBXNativeTarget section */
		19E0B3D01E5CE36E003F8026 /* TwitterProj */ = {
			isa = PBXNativeTarget;
			buildConfigurationList = 19E0B3E31E5CE36F003F8026 /* Build configuration list for PBXNativeTarget "TwitterProj" */;
			buildPhases = (
				D11E5F81B7350F67A50ED696 /* [CP] Check Pods Manifest.lock */,
				19E0B3CD1E5CE36E003F8026 /* Sources */,
				19E0B3CE1E5CE36E003F8026 /* Frameworks */,
				19E0B3CF1E5CE36E003F8026 /* Resources */,
				268F3AFF07D92CD5AAA0016D /* [CP] Embed Pods Frameworks */,
				C9704B1B12A4E1D8BC0BF6E2 /* [CP] Copy Pods Resources */,
			);
			buildRules = (
			);
			dependencies = (
			);
			name = TwitterProj;
			productName = TwitterProj;
			productReference = 19E0B3D11E5CE36F003F8026 /* TwitterProj.app */;
			productType = "com.apple.product-type.application";
		};
/* End PBXNativeTarget section */

/* Begin PBXProject section */
		19E0B3C91E5CE36E003F8026 /* Project object */ = {
			isa = PBXProject;
			attributes = {
				LastSwiftUpdateCheck = 0820;
				LastUpgradeCheck = 0820;
				ORGANIZATIONNAME = "Jacob Mittelstaedt";
				TargetAttributes = {
					19E0B3D01E5CE36E003F8026 = {
						CreatedOnToolsVersion = 8.2.1;
						ProvisioningStyle = Automatic;
					};
				};
			};
			buildConfigurationList = 19E0B3CC1E5CE36E003F8026 /* Build configuration list for PBXProject "TwitterProj" */;
			compatibilityVersion = "Xcode 3.2";
			developmentRegion = English;
			hasScannedForEncodings = 0;
			knownRegions = (
				en,
				Base,
			);
			mainGroup = 19E0B3C81E5CE36E003F8026;
			productRefGroup = 19E0B3D21E5CE36F003F8026 /* Products */;
			projectDirPath = "";
			projectRoot = "";
			targets = (
				19E0B3D01E5CE36E003F8026 /* TwitterProj */,
			);
		};
/* End PBXProject section */

/* Begin PBXResourcesBuildPhase section */
		19E0B3CF1E5CE36E003F8026 /* Resources */ = {
			isa = PBXResourcesBuildPhase;
			buildActionMask = 2147483647;
			files = (
				19DC1C2B1E6CB31B000BF61B /* Main.storyboard in Resources */,
				19E0B3DF1E5CE36F003F8026 /* LaunchScreen.storyboard in Resources */,
				19E0B3DC1E5CE36F003F8026 /* Assets.xcassets in Resources */,
			);
			runOnlyForDeploymentPostprocessing = 0;
		};
/* End PBXResourcesBuildPhase section */

/* Begin PBXShellScriptBuildPhase section */
		268F3AFF07D92CD5AAA0016D /* [CP] Embed Pods Frameworks */ = {
			isa = PBXShellScriptBuildPhase;
			buildActionMask = 2147483647;
			files = (
			);
			inputPaths = (
			);
			name = "[CP] Embed Pods Frameworks";
			outputPaths = (
			);
			runOnlyForDeploymentPostprocessing = 0;
			shellPath = /bin/sh;
			shellScript = "\"${SRCROOT}/Pods/Target Support Files/Pods-TwitterProj/Pods-TwitterProj-frameworks.sh\"\n";
			showEnvVarsInLog = 0;
		};
		C9704B1B12A4E1D8BC0BF6E2 /* [CP] Copy Pods Resources */ = {
			isa = PBXShellScriptBuildPhase;
			buildActionMask = 2147483647;
			files = (
			);
			inputPaths = (
			);
			name = "[CP] Copy Pods Resources";
			outputPaths = (
			);
			runOnlyForDeploymentPostprocessing = 0;
			shellPath = /bin/sh;
			shellScript = "\"${SRCROOT}/Pods/Target Support Files/Pods-TwitterProj/Pods-TwitterProj-resources.sh\"\n";
			showEnvVarsInLog = 0;
		};
		D11E5F81B7350F67A50ED696 /* [CP] Check Pods Manifest.lock */ = {
			isa = PBXShellScriptBuildPhase;
			buildActionMask = 2147483647;
			files = (
			);
			inputPaths = (
			);
			name = "[CP] Check Pods Manifest.lock";
			outputPaths = (
			);
			runOnlyForDeploymentPostprocessing = 0;
			shellPath = /bin/sh;
			shellScript = "diff \"${PODS_ROOT}/../Podfile.lock\" \"${PODS_ROOT}/Manifest.lock\" > /dev/null\nif [ $? != 0 ] ; then\n    # print error to STDERR\n    echo \"error: The sandbox is not in sync with the Podfile.lock. Run 'pod install' or update your CocoaPods installation.\" >&2\n    exit 1\nfi\n";
			showEnvVarsInLog = 0;
		};
/* End PBXShellScriptBuildPhase section */

/* Begin PBXSourcesBuildPhase section */
		19E0B3CD1E5CE36E003F8026 /* Sources */ = {
			isa = PBXSourcesBuildPhase;
			buildActionMask = 2147483647;
			files = (
				193E957B1E63A8680007DF2F /* User.swift in Sources */,
				19890C5D1E651C0D004FBA6F /* TwitterTableViewCell.swift in Sources */,
				19628D2E1E6A1756005D7A5A /* DetailsViewController.swift in Sources */,
				19DC1C271E6C9CB7000BF61B /* replyViewController.swift in Sources */,
				19628D2C1E6A0554005D7A5A /* TweetDetailsViewController.swift in Sources */,
				193E957D1E63A8B50007DF2F /* Tweet.swift in Sources */,
				19E0B3E71E5D05BE003F8026 /* LoginViewController.swift in Sources */,
				19628D321E6C9AA1005D7A5A /* newTweetViewController.swift in Sources */,
				193E95821E6484AC0007DF2F /* TweetsViewController.swift in Sources */,
				193E95801E647A7F0007DF2F /* TwitterClient.swift in Sources */,
				19628D301E6C8EF0005D7A5A /* profileViewController.swift in Sources */,
				19E0B3D51E5CE36F003F8026 /* AppDelegate.swift in Sources */,
			);
			runOnlyForDeploymentPostprocessing = 0;
		};
/* End PBXSourcesBuildPhase section */

/* Begin PBXVariantGroup section */
		19E0B3DD1E5CE36F003F8026 /* LaunchScreen.storyboard */ = {
			isa = PBXVariantGroup;
			children = (
				19E0B3DE1E5CE36F003F8026 /* Base */,
			);
			name = LaunchScreen.storyboard;
			sourceTree = "<group>";
		};
/* End PBXVariantGroup section */

/* Begin XCBuildConfiguration section */
		19E0B3E11E5CE36F003F8026 /* Debug */ = {
			isa = XCBuildConfiguration;
			buildSettings = {
				ALWAYS_SEARCH_USER_PATHS = NO;
				CLANG_ANALYZER_NONNULL = YES;
				CLANG_CXX_LANGUAGE_STANDARD = "gnu++0x";
				CLANG_CXX_LIBRARY = "libc++";
				CLANG_ENABLE_MODULES = YES;
				CLANG_ENABLE_OBJC_ARC = YES;
				CLANG_WARN_BOOL_CONVERSION = YES;
				CLANG_WARN_CONSTANT_CONVERSION = YES;
				CLANG_WARN_DIRECT_OBJC_ISA_USAGE = YES_ERROR;
				CLANG_WARN_DOCUMENTATION_COMMENTS = YES;
				CLANG_WARN_EMPTY_BODY = YES;
				CLANG_WARN_ENUM_CONVERSION = YES;
				CLANG_WARN_INFINITE_RECURSION = YES;
				CLANG_WARN_INT_CONVERSION = YES;
				CLANG_WARN_OBJC_ROOT_CLASS = YES_ERROR;
				CLANG_WARN_SUSPICIOUS_MOVE = YES;
				CLANG_WARN_UNREACHABLE_CODE = YES;
				CLANG_WARN__DUPLICATE_METHOD_MATCH = YES;
				"CODE_SIGN_IDENTITY[sdk=iphoneos*]" = "iPhone Developer";
				COPY_PHASE_STRIP = NO;
				DEBUG_INFORMATION_FORMAT = dwarf;
				ENABLE_STRICT_OBJC_MSGSEND = YES;
				ENABLE_TESTABILITY = YES;
				GCC_C_LANGUAGE_STANDARD = gnu99;
				GCC_DYNAMIC_NO_PIC = NO;
				GCC_NO_COMMON_BLOCKS = YES;
				GCC_OPTIMIZATION_LEVEL = 0;
				GCC_PREPROCESSOR_DEFINITIONS = (
					"DEBUG=1",
					"$(inherited)",
				);
				GCC_WARN_64_TO_32_BIT_CONVERSION = YES;
				GCC_WARN_ABOUT_RETURN_TYPE = YES_ERROR;
				GCC_WARN_UNDECLARED_SELECTOR = YES;
				GCC_WARN_UNINITIALIZED_AUTOS = YES_AGGRESSIVE;
				GCC_WARN_UNUSED_FUNCTION = YES;
				GCC_WARN_UNUSED_VARIABLE = YES;
				IPHONEOS_DEPLOYMENT_TARGET = 10.2;
				MTL_ENABLE_DEBUG_INFO = YES;
				ONLY_ACTIVE_ARCH = YES;
				SDKROOT = iphoneos;
				SWIFT_ACTIVE_COMPILATION_CONDITIONS = DEBUG;
				SWIFT_OPTIMIZATION_LEVEL = "-Onone";
			};
			name = Debug;
		};
		19E0B3E21E5CE36F003F8026 /* Release */ = {
			isa = XCBuildConfiguration;
			buildSettings = {
				ALWAYS_SEARCH_USER_PATHS = NO;
				CLANG_ANALYZER_NONNULL = YES;
				CLANG_CXX_LANGUAGE_STANDARD = "gnu++0x";
				CLANG_CXX_LIBRARY = "libc++";
				CLANG_ENABLE_MODULES = YES;
				CLANG_ENABLE_OBJC_ARC = YES;
				CLANG_WARN_BOOL_CONVERSION = YES;
				CLANG_WARN_CONSTANT_CONVERSION = YES;
				CLANG_WARN_DIRECT_OBJC_ISA_USAGE = YES_ERROR;
				CLANG_WARN_DOCUMENTATION_COMMENTS = YES;
				CLANG_WARN_EMPTY_BODY = YES;
				CLANG_WARN_ENUM_CONVERSION = YES;
				CLANG_WARN_INFINITE_RECURSION = YES;
				CLANG_WARN_INT_CONVERSION = YES;
				CLANG_WARN_OBJC_ROOT_CLASS = YES_ERROR;
				CLANG_WARN_SUSPICIOUS_MOVE = YES;
				CLANG_WARN_UNREACHABLE_CODE = YES;
				CLANG_WARN__DUPLICATE_METHOD_MATCH = YES;
				"CODE_SIGN_IDENTITY[sdk=iphoneos*]" = "iPhone Developer";
				COPY_PHASE_STRIP = NO;
				DEBUG_INFORMATION_FORMAT = "dwarf-with-dsym";
				ENABLE_NS_ASSERTIONS = NO;
				ENABLE_STRICT_OBJC_MSGSEND = YES;
				GCC_C_LANGUAGE_STANDARD = gnu99;
				GCC_NO_COMMON_BLOCKS = YES;
				GCC_WARN_64_TO_32_BIT_CONVERSION = YES;
				GCC_WARN_ABOUT_RETURN_TYPE = YES_ERROR;
				GCC_WARN_UNDECLARED_SELECTOR = YES;
				GCC_WARN_UNINITIALIZED_AUTOS = YES_AGGRESSIVE;
				GCC_WARN_UNUSED_FUNCTION = YES;
				GCC_WARN_UNUSED_VARIABLE = YES;
				IPHONEOS_DEPLOYMENT_TARGET = 10.2;
				MTL_ENABLE_DEBUG_INFO = NO;
				SDKROOT = iphoneos;
				SWIFT_OPTIMIZATION_LEVEL = "-Owholemodule";
				VALIDATE_PRODUCT = YES;
			};
			name = Release;
		};
		19E0B3E41E5CE36F003F8026 /* Debug */ = {
			isa = XCBuildConfiguration;
			baseConfigurationReference = 01DB7303FA0F1C2D70D0FF95 /* Pods-TwitterProj.debug.xcconfig */;
			buildSettings = {
				ASSETCATALOG_COMPILER_APPICON_NAME = AppIcon;
				INFOPLIST_FILE = TwitterProj/Info.plist;
				LD_RUNPATH_SEARCH_PATHS = "$(inherited) @executable_path/Frameworks";
				PRODUCT_BUNDLE_IDENTIFIER = codepath.TwitterProj;
				PRODUCT_NAME = "$(TARGET_NAME)";
				SWIFT_VERSION = 3.0;
			};
			name = Debug;
		};
		19E0B3E51E5CE36F003F8026 /* Release */ = {
			isa = XCBuildConfiguration;
			baseConfigurationReference = F16B64620E3F84AD07F7635A /* Pods-TwitterProj.release.xcconfig */;
			buildSettings = {
				ASSETCATALOG_COMPILER_APPICON_NAME = AppIcon;
				INFOPLIST_FILE = TwitterProj/Info.plist;
				LD_RUNPATH_SEARCH_PATHS = "$(inherited) @executable_path/Frameworks";
				PRODUCT_BUNDLE_IDENTIFIER = codepath.TwitterProj;
				PRODUCT_NAME = "$(TARGET_NAME)";
				SWIFT_VERSION = 3.0;
			};
			name = Release;
		};
/* End XCBuildConfiguration section */

/* Begin XCConfigurationList section */
		19E0B3CC1E5CE36E003F8026 /* Build configuration list for PBXProject "TwitterProj" */ = {
			isa = XCConfigurationList;
			buildConfigurations = (
				19E0B3E11E5CE36F003F8026 /* Debug */,
				19E0B3E21E5CE36F003F8026 /* Release */,
			);
			defaultConfigurationIsVisible = 0;
			defaultConfigurationName = Release;
		};
		19E0B3E31E5CE36F003F8026 /* Build configuration list for PBXNativeTarget "TwitterProj" */ = {
			isa = XCConfigurationList;
			buildConfigurations = (
				19E0B3E41E5CE36F003F8026 /* Debug */,
				19E0B3E51E5CE36F003F8026 /* Release */,
			);
			defaultConfigurationIsVisible = 0;
			defaultConfigurationName = Release;
		};
/* End XCConfigurationList section */
	};
	rootObject = 19E0B3C91E5CE36E003F8026 /* Project object */;
}
